
Microsoft Visual Studio Solution File, Format Version 12.00
# Visual Studio Version 17
VisualStudioVersion = 17.0.31903.59
MinimumVisualStudioVersion = 10.0.40219.1
Project("{FAE04EC0-301F-11D3-BF4B-00C04F79EFBC}") = "HelloWorld", "HelloWorld\HelloWorld.csproj", "{7C69994B-B3C1-4E06-B74F-3D810865F927}"
EndProject
Project("{FAE04EC0-301F-11D3-BF4B-00C04F79EFBC}") = "Store and Retrieve", "Store and Retrieve\Store and Retrieve.csproj", "{AA3B1DC6-1FC1-4753-A11A-ADD12DC14147}"
EndProject
Project("{FAE04EC0-301F-11D3-BF4B-00C04F79EFBC}") = "StringFormatting", "StringFormatting\StringFormatting.csproj", "{2C00D593-322D-469B-B5B3-0C1AE13834C5}"
EndProject
Project("{FAE04EC0-301F-11D3-BF4B-00C04F79EFBC}") = "SharpBasicOperations", "SharpBasicOperations\SharpBasicOperations.csproj", "{4120C4CB-C51D-4BB3-A3FE-906BCC43259F}"
EndProject
Project("{FAE04EC0-301F-11D3-BF4B-00C04F79EFBC}") = "StudentGrades", "StudentGrades\StudentGrades.csproj", "{83F079F8-158F-4C79-8FD8-FE5C61EDC07D}"
EndProject
Project("{FAE04EC0-301F-11D3-BF4B-00C04F79EFBC}") = "CalculateFinalGPA", "CalculateFinalGPA\CalculateFinalGPA.csproj", "{47671289-8AA9-4D47-B2EA-26DD48B28032}"
EndProject
Project("{FAE04EC0-301F-11D3-BF4B-00C04F79EFBC}") = "InstallVisualStudio", "..\SimpleConsoleApplications\InstallVisualStudio\InstallVisualStudio.csproj", "{EF14E9AB-8100-4FC7-A72E-107BDED651C6}"
EndProject
Global
	GlobalSection(SolutionConfigurationPlatforms) = preSolution
		Debug|Any CPU = Debug|Any CPU
		Debug|x64 = Debug|x64
		Debug|x86 = Debug|x86
		Release|Any CPU = Release|Any CPU
		Release|x64 = Release|x64
		Release|x86 = Release|x86
	EndGlobalSection
	GlobalSection(ProjectConfigurationPlatforms) = postSolution
		{7C69994B-B3C1-4E06-B74F-3D810865F927}.Debug|Any CPU.ActiveCfg = Debug|Any CPU
		{7C69994B-B3C1-4E06-B74F-3D810865F927}.Debug|Any CPU.Build.0 = Debug|Any CPU
		{7C69994B-B3C1-4E06-B74F-3D810865F927}.Debug|x64.ActiveCfg = Debug|Any CPU
		{7C69994B-B3C1-4E06-B74F-3D810865F927}.Debug|x64.Build.0 = Debug|Any CPU
		{7C69994B-B3C1-4E06-B74F-3D810865F927}.Debug|x86.ActiveCfg = Debug|Any CPU
		{7C69994B-B3C1-4E06-B74F-3D810865F927}.Debug|x86.Build.0 = Debug|Any CPU
		{7C69994B-B3C1-4E06-B74F-3D810865F927}.Release|Any CPU.ActiveCfg = Release|Any CPU
		{7C69994B-B3C1-4E06-B74F-3D810865F927}.Release|Any CPU.Build.0 = Release|Any CPU
		{7C69994B-B3C1-4E06-B74F-3D810865F927}.Release|x64.ActiveCfg = Release|Any CPU
		{7C69994B-B3C1-4E06-B74F-3D810865F927}.Release|x64.Build.0 = Release|Any CPU
		{7C69994B-B3C1-4E06-B74F-3D810865F927}.Release|x86.ActiveCfg = Release|Any CPU
		{7C69994B-B3C1-4E06-B74F-3D810865F927}.Release|x86.Build.0 = Release|Any CPU
		{AA3B1DC6-1FC1-4753-A11A-ADD12DC14147}.Debug|Any CPU.ActiveCfg = Debug|Any CPU
		{AA3B1DC6-1FC1-4753-A11A-ADD12DC14147}.Debug|Any CPU.Build.0 = Debug|Any CPU
		{AA3B1DC6-1FC1-4753-A11A-ADD12DC14147}.Debug|x64.ActiveCfg = Debug|Any CPU
		{AA3B1DC6-1FC1-4753-A11A-ADD12DC14147}.Debug|x64.Build.0 = Debug|Any CPU
		{AA3B1DC6-1FC1-4753-A11A-ADD12DC14147}.Debug|x86.ActiveCfg = Debug|Any CPU
		{AA3B1DC6-1FC1-4753-A11A-ADD12DC14147}.Debug|x86.Build.0 = Debug|Any CPU
		{AA3B1DC6-1FC1-4753-A11A-ADD12DC14147}.Release|Any CPU.ActiveCfg = Release|Any CPU
		{AA3B1DC6-1FC1-4753-A11A-ADD12DC14147}.Release|Any CPU.Build.0 = Release|Any CPU
		{AA3B1DC6-1FC1-4753-A11A-ADD12DC14147}.Release|x64.ActiveCfg = Release|Any CPU
		{AA3B1DC6-1FC1-4753-A11A-ADD12DC14147}.Release|x64.Build.0 = Release|Any CPU
		{AA3B1DC6-1FC1-4753-A11A-ADD12DC14147}.Release|x86.ActiveCfg = Release|Any CPU
		{AA3B1DC6-1FC1-4753-A11A-ADD12DC14147}.Release|x86.Build.0 = Release|Any CPU
		{2C00D593-322D-469B-B5B3-0C1AE13834C5}.Debug|Any CPU.ActiveCfg = Debug|Any CPU
		{2C00D593-322D-469B-B5B3-0C1AE13834C5}.Debug|Any CPU.Build.0 = Debug|Any CPU
		{2C00D593-322D-469B-B5B3-0C1AE13834C5}.Debug|x64.ActiveCfg = Debug|Any CPU
		{2C00D593-322D-469B-B5B3-0C1AE13834C5}.Debug|x64.Build.0 = Debug|Any CPU
		{2C00D593-322D-469B-B5B3-0C1AE13834C5}.Debug|x86.ActiveCfg = Debug|Any CPU
		{2C00D593-322D-469B-B5B3-0C1AE13834C5}.Debug|x86.Build.0 = Debug|Any CPU
		{2C00D593-322D-469B-B5B3-0C1AE13834C5}.Release|Any CPU.ActiveCfg = Release|Any CPU
		{2C00D593-322D-469B-B5B3-0C1AE13834C5}.Release|Any CPU.Build.0 = Release|Any CPU
		{2C00D593-322D-469B-B5B3-0C1AE13834C5}.Release|x64.ActiveCfg = Release|Any CPU
		{2C00D593-322D-469B-B5B3-0C1AE13834C5}.Release|x64.Build.0 = Release|Any CPU
		{2C00D593-322D-469B-B5B3-0C1AE13834C5}.Release|x86.ActiveCfg = Release|Any CPU
		{2C00D593-322D-469B-B5B3-0C1AE13834C5}.Release|x86.Build.0 = Release|Any CPU
		{4120C4CB-C51D-4BB3-A3FE-906BCC43259F}.Debug|Any CPU.ActiveCfg = Debug|Any CPU
		{4120C4CB-C51D-4BB3-A3FE-906BCC43259F}.Debug|Any CPU.Build.0 = Debug|Any CPU
		{4120C4CB-C51D-4BB3-A3FE-906BCC43259F}.Debug|x64.ActiveCfg = Debug|Any CPU
		{4120C4CB-C51D-4BB3-A3FE-906BCC43259F}.Debug|x64.Build.0 = Debug|Any CPU
		{4120C4CB-C51D-4BB3-A3FE-906BCC43259F}.Debug|x86.ActiveCfg = Debug|Any CPU
		{4120C4CB-C51D-4BB3-A3FE-906BCC43259F}.Debug|x86.Build.0 = Debug|Any CPU
		{4120C4CB-C51D-4BB3-A3FE-906BCC43259F}.Release|Any CPU.ActiveCfg = Release|Any CPU
		{4120C4CB-C51D-4BB3-A3FE-906BCC43259F}.Release|Any CPU.Build.0 = Release|Any CPU
		{4120C4CB-C51D-4BB3-A3FE-906BCC43259F}.Release|x64.ActiveCfg = Release|Any CPU
		{4120C4CB-C51D-4BB3-A3FE-906BCC43259F}.Release|x64.Build.0 = Release|Any CPU
		{4120C4CB-C51D-4BB3-A3FE-906BCC43259F}.Release|x86.ActiveCfg = Release|Any CPU
		{4120C4CB-C51D-4BB3-A3FE-906BCC43259F}.Release|x86.Build.0 = Release|Any CPU
		{83F079F8-158F-4C79-8FD8-FE5C61EDC07D}.Debug|Any CPU.ActiveCfg = Debug|Any CPU
		{83F079F8-158F-4C79-8FD8-FE5C61EDC07D}.Debug|Any CPU.Build.0 = Debug|Any CPU
		{83F079F8-158F-4C79-8FD8-FE5C61EDC07D}.Debug|x64.ActiveCfg = Debug|Any CPU
		{83F079F8-158F-4C79-8FD8-FE5C61EDC07D}.Debug|x64.Build.0 = Debug|Any CPU
		{83F079F8-158F-4C79-8FD8-FE5C61EDC07D}.Debug|x86.ActiveCfg = Debug|Any CPU
		{83F079F8-158F-4C79-8FD8-FE5C61EDC07D}.Debug|x86.Build.0 = Debug|Any CPU
		{83F079F8-158F-4C79-8FD8-FE5C61EDC07D}.Release|Any CPU.ActiveCfg = Release|Any CPU
		{83F079F8-158F-4C79-8FD8-FE5C61EDC07D}.Release|Any CPU.Build.0 = Release|Any CPU
		{83F079F8-158F-4C79-8FD8-FE5C61EDC07D}.Release|x64.ActiveCfg = Release|Any CPU
		{83F079F8-158F-4C79-8FD8-FE5C61EDC07D}.Release|x64.Build.0 = Release|Any CPU
		{83F079F8-158F-4C79-8FD8-FE5C61EDC07D}.Release|x86.ActiveCfg = Release|Any CPU
		{83F079F8-158F-4C79-8FD8-FE5C61EDC07D}.Release|x86.Build.0 = Release|Any CPU
		{47671289-8AA9-4D47-B2EA-26DD48B28032}.Debug|Any CPU.ActiveCfg = Debug|Any CPU
		{47671289-8AA9-4D47-B2EA-26DD48B28032}.Debug|Any CPU.Build.0 = Debug|Any CPU
		{47671289-8AA9-4D47-B2EA-26DD48B28032}.Debug|x64.ActiveCfg = Debug|Any CPU
		{47671289-8AA9-4D47-B2EA-26DD48B28032}.Debug|x64.Build.0 = Debug|Any CPU
		{47671289-8AA9-4D47-B2EA-26DD48B28032}.Debug|x86.ActiveCfg = Debug|Any CPU
		{47671289-8AA9-4D47-B2EA-26DD48B28032}.Debug|x86.Build.0 = Debug|Any CPU
		{47671289-8AA9-4D47-B2EA-26DD48B28032}.Release|Any CPU.ActiveCfg = Release|Any CPU
		{47671289-8AA9-4D47-B2EA-26DD48B28032}.Release|Any CPU.Build.0 = Release|Any CPU
		{47671289-8AA9-4D47-B2EA-26DD48B28032}.Release|x64.ActiveCfg = Release|Any CPU
		{47671289-8AA9-4D47-B2EA-26DD48B28032}.Release|x64.Build.0 = Release|Any CPU
		{47671289-8AA9-4D47-B2EA-26DD48B28032}.Release|x86.ActiveCfg = Release|Any CPU
		{47671289-8AA9-4D47-B2EA-26DD48B28032}.Release|x86.Build.0 = Release|Any CPU
		{EF14E9AB-8100-4FC7-A72E-107BDED651C6}.Debug|Any CPU.ActiveCfg = Debug|Any CPU
		{EF14E9AB-8100-4FC7-A72E-107BDED651C6}.Debug|Any CPU.Build.0 = Debug|Any CPU
		{EF14E9AB-8100-4FC7-A72E-107BDED651C6}.Debug|x64.ActiveCfg = Debug|Any CPU
		{EF14E9AB-8100-4FC7-A72E-107BDED651C6}.Debug|x64.Build.0 = Debug|Any CPU
		{EF14E9AB-8100-4FC7-A72E-107BDED651C6}.Debug|x86.ActiveCfg = Debug|Any CPU
		{EF14E9AB-8100-4FC7-A72E-107BDED651C6}.Debug|x86.Build.0 = Debug|Any CPU
		{EF14E9AB-8100-4FC7-A72E-107BDED651C6}.Release|Any CPU.ActiveCfg = Release|Any CPU
		{EF14E9AB-8100-4FC7-A72E-107BDED651C6}.Release|Any CPU.Build.0 = Release|Any CPU
		{EF14E9AB-8100-4FC7-A72E-107BDED651C6}.Release|x64.ActiveCfg = Release|Any CPU
		{EF14E9AB-8100-4FC7-A72E-107BDED651C6}.Release|x64.Build.0 = Release|Any CPU
		{EF14E9AB-8100-4FC7-A72E-107BDED651C6}.Release|x86.ActiveCfg = Release|Any CPU
		{EF14E9AB-8100-4FC7-A72E-107BDED651C6}.Release|x86.Build.0 = Release|Any CPU
	EndGlobalSection
	GlobalSection(SolutionProperties) = preSolution
		HideSolutionNode = FALSE
	EndGlobalSection
EndGlobal
